// !$*UTF8*$!
{
	archiveVersion = 1;
	classes = {
	};
	objectVersion = 46;
	objects = {

/* Begin PBXBuildFile section */
		3020356B1E41F2C3001E3C77 /* ruleViewController.swift in Sources */ = {isa = PBXBuildFile; fileRef = 3020356A1E41F2C3001E3C77 /* ruleViewController.swift */; };
		303BDD8E1E3F0FF700ABA950 /* ViewController.swift in Sources */ = {isa = PBXBuildFile; fileRef = 30F938681E360439001D428A /* ViewController.swift */; };
		303BDD901E3F39AD00ABA950 /* QAViewController.swift in Sources */ = {isa = PBXBuildFile; fileRef = 303BDD8F1E3F39AD00ABA950 /* QAViewController.swift */; };
		306810AC1E3B27FA00C8DE46 /* DatabaseController.swift in Sources */ = {isa = PBXBuildFile; fileRef = 306810AB1E3B27FA00C8DE46 /* DatabaseController.swift */; };
		30F938671E360439001D428A /* AppDelegate.swift in Sources */ = {isa = PBXBuildFile; fileRef = 30F938661E360439001D428A /* AppDelegate.swift */; };
		30F9386C1E360439001D428A /* Main.storyboard in Resources */ = {isa = PBXBuildFile; fileRef = 30F9386A1E360439001D428A /* Main.storyboard */; };
		30F9386E1E360439001D428A /* Assets.xcassets in Resources */ = {isa = PBXBuildFile; fileRef = 30F9386D1E360439001D428A /* Assets.xcassets */; };
		30F938711E360439001D428A /* LaunchScreen.storyboard in Resources */ = {isa = PBXBuildFile; fileRef = 30F9386F1E360439001D428A /* LaunchScreen.storyboard */; };
		30F9387A1E361B26001D428A /* Model.xcdatamodeld in Sources */ = {isa = PBXBuildFile; fileRef = 30F938781E361B26001D428A /* Model.xcdatamodeld */; };
/* End PBXBuildFile section */

/* Begin PBXFileReference section */
		3020356A1E41F2C3001E3C77 /* ruleViewController.swift */ = {isa = PBXFileReference; fileEncoding = 4; lastKnownFileType = sourcecode.swift; path = ruleViewController.swift; sourceTree = "<group>"; };
		303BDD8F1E3F39AD00ABA950 /* QAViewController.swift */ = {isa = PBXFileReference; fileEncoding = 4; lastKnownFileType = sourcecode.swift; path = QAViewController.swift; sourceTree = "<group>"; };
		306810AB1E3B27FA00C8DE46 /* DatabaseController.swift */ = {isa = PBXFileReference; fileEncoding = 4; lastKnownFileType = sourcecode.swift; path = DatabaseController.swift; sourceTree = "<group>"; };
		30F938631E360439001D428A /* BlindQuiz.app */ = {isa = PBXFileReference; explicitFileType = wrapper.application; includeInIndex = 0; path = BlindQuiz.app; sourceTree = BUILT_PRODUCTS_DIR; };
		30F938661E360439001D428A /* AppDelegate.swift */ = {isa = PBXFileReference; lastKnownFileType = sourcecode.swift; path = AppDelegate.swift; sourceTree = "<group>"; };
		30F938681E360439001D428A /* ViewController.swift */ = {isa = PBXFileReference; lastKnownFileType = sourcecode.swift; path = ViewController.swift; sourceTree = "<group>"; wrapsLines = 0; };
		30F9386B1E360439001D428A /* Base */ = {isa = PBXFileReference; lastKnownFileType = file.storyboard; name = Base; path = Base.lproj/Main.storyboard; sourceTree = "<group>"; };
		30F9386D1E360439001D428A /* Assets.xcassets */ = {isa = PBXFileReference; lastKnownFileType = folder.assetcatalog; path = Assets.xcassets; sourceTree = "<group>"; };
		30F938701E360439001D428A /* Base */ = {isa = PBXFileReference; lastKnownFileType = file.storyboard; name = Base; path = Base.lproj/LaunchScreen.storyboard; sourceTree = "<group>"; };
		30F938721E360439001D428A /* Info.plist */ = {isa = PBXFileReference; lastKnownFileType = text.plist.xml; path = Info.plist; sourceTree = "<group>"; };
		30F938791E361B26001D428A /* Model.xcdatamodel */ = {isa = PBXFileReference; lastKnownFileType = wrapper.xcdatamodel; path = Model.xcdatamodel; sourceTree = "<group>"; };
/* End PBXFileReference section */

/* Begin PBXFrameworksBuildPhase section */
		30F938601E360439001D428A /* Frameworks */ = {
			isa = PBXFrameworksBuildPhase;
			buildActionMask = 2147483647;
			files = (
			);
			runOnlyForDeploymentPostprocessing = 0;
		};
/* End PBXFrameworksBuildPhase section */

/* Begin PBXGroup section */
		3006DB941E38DDF100C57FC1 /* Model */ = {
			isa = PBXGroup;
			children = (
				30F938781E361B26001D428A /* Model.xcdatamodeld */,
			);
			name = Model;
			sourceTree = "<group>";
		};
		30F9385A1E360439001D428A = {
			isa = PBXGroup;
			children = (
				30F938651E360439001D428A /* BlindQuiz */,
				30F938641E360439001D428A /* Products */,
			);
			sourceTree = "<group>";
		};
		30F938641E360439001D428A /* Products */ = {
			isa = PBXGroup;
			children = (
				30F938631E360439001D428A /* BlindQuiz.app */,
			);
			name = Products;
			sourceTree = "<group>";
		};
		30F938651E360439001D428A /* BlindQuiz */ = {
			isa = PBXGroup;
			children = (
				3006DB941E38DDF100C57FC1 /* Model */,
				30F938661E360439001D428A /* AppDelegate.swift */,
				3020356A1E41F2C3001E3C77 /* ruleViewController.swift */,
				303BDD8F1E3F39AD00ABA950 /* QAViewController.swift */,
				30F938681E360439001D428A /* ViewController.swift */,
				30F9386A1E360439001D428A /* Main.storyboard */,
				30F9386D1E360439001D428A /* Assets.xcassets */,
				30F9386F1E360439001D428A /* LaunchScreen.storyboard */,
				30F938721E360439001D428A /* Info.plist */,
				306810AB1E3B27FA00C8DE46 /* DatabaseController.swift */,
			);
			name = BlindQuiz;
			path = gkBlind;
			sourceTree = "<group>";
		};
/* End PBXGroup section */

/* Begin PBXNativeTarget section */
		30F938621E360439001D428A /* BlindQuiz */ = {
			isa = PBXNativeTarget;
			buildConfigurationList = 30F938751E360439001D428A /* Build configuration list for PBXNativeTarget "BlindQuiz" */;
			buildPhases = (
				30F9385F1E360439001D428A /* Sources */,
				30F938601E360439001D428A /* Frameworks */,
				30F938611E360439001D428A /* Resources */,
			);
			buildRules = (
			);
			dependencies = (
			);
			name = BlindQuiz;
			productName = gkBlind;
			productReference = 30F938631E360439001D428A /* BlindQuiz.app */;
			productType = "com.apple.product-type.application";
		};
/* End PBXNativeTarget section */

/* Begin PBXProject section */
		30F9385B1E360439001D428A /* Project object */ = {
			isa = PBXProject;
			attributes = {
				LastSwiftUpdateCheck = 0820;
				LastUpgradeCheck = 0820;
				ORGANIZATIONNAME = "CG-3";
				TargetAttributes = {
					30F938621E360439001D428A = {
						CreatedOnToolsVersion = 8.2.1;
						DevelopmentTeam = JMJFE5DQ8M;
						ProvisioningStyle = Automatic;
					};
				};
			};
			buildConfigurationList = 30F9385E1E360439001D428A /* Build configuration list for PBXProject "BlindQuiz" */;
			compatibilityVersion = "Xcode 3.2";
			developmentRegion = English;
			hasScannedForEncodings = 0;
			knownRegions = (
				en,
				Base,
			);
			mainGroup = 30F9385A1E360439001D428A;
			productRefGroup = 30F938641E360439001D428A /* Products */;
			projectDirPath = "";
			projectRoot = "";
			targets = (
				30F938621E360439001D428A /* BlindQuiz */,
			);
		};
/* End PBXProject section */

/* Begin PBXResourcesBuildPhase section */
		30F938611E360439001D428A /* Resources */ = {
			isa = PBXResourcesBuildPhase;
			buildActionMask = 2147483647;
			files = (
				30F938711E360439001D428A /* LaunchScreen.storyboard in Resources */,
				30F9386E1E360439001D428A /* Assets.xcassets in Resources */,
				30F9386C1E360439001D428A /* Main.storyboard in Resources */,
			);
			runOnlyForDeploymentPostprocessing = 0;
		};
/* End PBXResourcesBuildPhase section */

/* Begin PBXSourcesBuildPhase section */
		30F9385F1E360439001D428A /* Sources */ = {
			isa = PBXSourcesBuildPhase;
			buildActionMask = 2147483647;
			files = (
				303BDD8E1E3F0FF700ABA950 /* ViewController.swift in Sources */,
				303BDD901E3F39AD00ABA950 /* QAViewController.swift in Sources */,
				306810AC1E3B27FA00C8DE46 /* DatabaseController.swift in Sources */,
				30F938671E360439001D428A /* AppDelegate.swift in Sources */,
				3020356B1E41F2C3001E3C77 /* ruleViewController.swift in Sources */,
				30F9387A1E361B26001D428A /* Model.xcdatamodeld in Sources */,
			);
			runOnlyForDeploymentPostprocessing = 0;
		};
/* End PBXSourcesBuildPhase section */

/* Begin PBXVariantGroup section */
		30F9386A1E360439001D428A /* Main.storyboard */ = {
			isa = PBXVariantGroup;
			children = (
				30F9386B1E360439001D428A /* Base */,
			);
			name = Main.storyboard;
			sourceTree = "<group>";
		};
		30F9386F1E360439001D428A /* LaunchScreen.storyboard */ = {
			isa = PBXVariantGroup;
			children = (
				30F938701E360439001D428A /* Base */,
			);
			name = LaunchScreen.storyboard;
			sourceTree = "<group>";
		};
/* End PBXVariantGroup section */

/* Begin XCBuildConfiguration section */
		30F938731E360439001D428A /* Debug */ = {
			isa = XCBuildConfiguration;
			buildSettings = {
				ALWAYS_SEARCH_USER_PATHS = NO;
				CLANG_ANALYZER_NONNULL = YES;
				CLANG_CXX_LANGUAGE_STANDARD = "gnu++0x";
				CLANG_CXX_LIBRARY = "libc++";
				CLANG_ENABLE_MODULES = YES;
				CLANG_ENABLE_OBJC_ARC = YES;
				CLANG_WARN_BOOL_CONVERSION = YES;
				CLANG_WARN_CONSTANT_CONVERSION = YES;
				CLANG_WARN_DIRECT_OBJC_ISA_USAGE = YES_ERROR;
				CLANG_WARN_DOCUMENTATION_COMMENTS = YES;
				CLANG_WARN_EMPTY_BODY = YES;
				CLANG_WARN_ENUM_CONVERSION = YES;
				CLANG_WARN_INFINITE_RECURSION = YES;
				CLANG_WARN_INT_CONVERSION = YES;
				CLANG_WARN_OBJC_ROOT_CLASS = YES_ERROR;
				CLANG_WARN_SUSPICIOUS_MOVE = YES;
				CLANG_WARN_UNREACHABLE_CODE = YES;
				CLANG_WARN__DUPLICATE_METHOD_MATCH = YES;
				"CODE_SIGN_IDENTITY[sdk=iphoneos*]" = "iPhone Developer";
				COPY_PHASE_STRIP = NO;
				DEBUG_INFORMATION_FORMAT = dwarf;
				ENABLE_STRICT_OBJC_MSGSEND = YES;
				ENABLE_TESTABILITY = YES;
				GCC_C_LANGUAGE_STANDARD = gnu99;
				GCC_DYNAMIC_NO_PIC = NO;
				GCC_NO_COMMON_BLOCKS = YES;
				GCC_OPTIMIZATION_LEVEL = 0;
				GCC_PREPROCESSOR_DEFINITIONS = (
					"DEBUG=1",
					"$(inherited)",
				);
				GCC_WARN_64_TO_32_BIT_CONVERSION = YES;
				GCC_WARN_ABOUT_RETURN_TYPE = YES_ERROR;
				GCC_WARN_UNDECLARED_SELECTOR = YES;
				GCC_WARN_UNINITIALIZED_AUTOS = YES_AGGRESSIVE;
				GCC_WARN_UNUSED_FUNCTION = YES;
				GCC_WARN_UNUSED_VARIABLE = YES;
				IPHONEOS_DEPLOYMENT_TARGET = 10.2;
				MTL_ENABLE_DEBUG_INFO = YES;
				ONLY_ACTIVE_ARCH = YES;
				SDKROOT = iphoneos;
				SWIFT_ACTIVE_COMPILATION_CONDITIONS = DEBUG;
				SWIFT_OPTIMIZATION_LEVEL = "-Onone";
				TARGETED_DEVICE_FAMILY = "1,2";
			};
			name = Debug;
		};
		30F938741E360439001D428A /* Release */ = {
			isa = XCBuildConfiguration;
			buildSettings = {
				ALWAYS_SEARCH_USER_PATHS = NO;
				CLANG_ANALYZER_NONNULL = YES;
				CLANG_CXX_LANGUAGE_STANDARD = "gnu++0x";
				CLANG_CXX_LIBRARY = "libc++";
				CLANG_ENABLE_MODULES = YES;
				CLANG_ENABLE_OBJC_ARC = YES;
				CLANG_WARN_BOOL_CONVERSION = YES;
				CLANG_WARN_CONSTANT_CONVERSION = YES;
				CLANG_WARN_DIRECT_OBJC_ISA_USAGE = YES_ERROR;
				CLANG_WARN_DOCUMENTATION_COMMENTS = YES;
				CLANG_WARN_EMPTY_BODY = YES;
				CLANG_WARN_ENUM_CONVERSION = YES;
				CLANG_WARN_INFINITE_RECURSION = YES;
				CLANG_WARN_INT_CONVERSION = YES;
				CLANG_WARN_OBJC_ROOT_CLASS = YES_ERROR;
				CLANG_WARN_SUSPICIOUS_MOVE = YES;
				CLANG_WARN_UNREACHABLE_CODE = YES;
				CLANG_WARN__DUPLICATE_METHOD_MATCH = YES;
				"CODE_SIGN_IDENTITY[sdk=iphoneos*]" = "iPhone Developer";
				COPY_PHASE_STRIP = NO;
				DEBUG_INFORMATION_FORMAT = "dwarf-with-dsym";
				ENABLE_NS_ASSERTIONS = NO;
				ENABLE_STRICT_OBJC_MSGSEND = YES;
				GCC_C_LANGUAGE_STANDARD = gnu99;
				GCC_NO_COMMON_BLOCKS = YES;
				GCC_WARN_64_TO_32_BIT_CONVERSION = YES;
				GCC_WARN_ABOUT_RETURN_TYPE = YES_ERROR;
				GCC_WARN_UNDECLARED_SELECTOR = YES;
				GCC_WARN_UNINITIALIZED_AUTOS = YES_AGGRESSIVE;
				GCC_WARN_UNUSED_FUNCTION = YES;
				GCC_WARN_UNUSED_VARIABLE = YES;
				IPHONEOS_DEPLOYMENT_TARGET = 10.2;
				MTL_ENABLE_DEBUG_INFO = NO;
				SDKROOT = iphoneos;
				SWIFT_OPTIMIZATION_LEVEL = "-Owholemodule";
				TARGETED_DEVICE_FAMILY = "1,2";
				VALIDATE_PRODUCT = YES;
			};
			name = Release;
		};
		30F938761E360439001D428A /* Debug */ = {
			isa = XCBuildConfiguration;
			buildSettings = {
				ASSETCATALOG_COMPILER_APPICON_NAME = AppIcon;
				DEVELOPMENT_TEAM = JMJFE5DQ8M;
				INFOPLIST_FILE = gkBlind/Info.plist;
				IPHONEOS_DEPLOYMENT_TARGET = 10.2;
				LD_RUNPATH_SEARCH_PATHS = "$(inherited) @executable_path/Frameworks";
				PRODUCT_BUNDLE_IDENTIFIER = cg.BlindQuiz;
				PRODUCT_NAME = "$(TARGET_NAME)";
				SWIFT_VERSION = 3.0;
			};
			name = Debug;
		};
		30F938771E360439001D428A /* Release */ = {
			isa = XCBuildConfiguration;
			buildSettings = {
				ASSETCATALOG_COMPILER_APPICON_NAME = AppIcon;
				DEVELOPMENT_TEAM = JMJFE5DQ8M;
				INFOPLIST_FILE = gkBlind/Info.plist;
				IPHONEOS_DEPLOYMENT_TARGET = 10.2;
				LD_RUNPATH_SEARCH_PATHS = "$(inherited) @executable_path/Frameworks";
				PRODUCT_BUNDLE_IDENTIFIER = cg.BlindQuiz;
				PRODUCT_NAME = "$(TARGET_NAME)";
				SWIFT_OPTIMIZATION_LEVEL = "-Onone";
				SWIFT_VERSION = 3.0;
			};
			name = Release;
		};
/* End XCBuildConfiguration section */

/* Begin XCConfigurationList section */
		30F9385E1E360439001D428A /* Build configuration list for PBXProject "BlindQuiz" */ = {
			isa = XCConfigurationList;
			buildConfigurations = (
				30F938731E360439001D428A /* Debug */,
				30F938741E360439001D428A /* Release */,
			);
			defaultConfigurationIsVisible = 0;
			defaultConfigurationName = Release;
		};
		30F938751E360439001D428A /* Build configuration list for PBXNativeTarget "BlindQuiz" */ = {
			isa = XCConfigurationList;
			buildConfigurations = (
				30F938761E360439001D428A /* Debug */,
				30F938771E360439001D428A /* Release */,
			);
			defaultConfigurationIsVisible = 0;
			defaultConfigurationName = Release;
		};
/* End XCConfigurationList section */

/* Begin XCVersionGroup section */
		30F938781E361B26001D428A /* Model.xcdatamodeld */ = {
			isa = XCVersionGroup;
			children = (
				30F938791E361B26001D428A /* Model.xcdatamodel */,
			);
			currentVersion = 30F938791E361B26001D428A /* Model.xcdatamodel */;
			path = Model.xcdatamodeld;
			sourceTree = "<group>";
			versionGroupType = wrapper.xcdatamodel;
		};
/* End XCVersionGroup section */
	};
	rootObject = 30F9385B1E360439001D428A /* Project object */;
}
